<?xml version="1.0" encoding="utf-8"?>
<Project ToolsVersion="4.0" xmlns="http://schemas.microsoft.com/developer/msbuild/2003">
  <ItemGroup>
    <Filter Include="Source Files">
      <UniqueIdentifier>{4FC737F1-C7A5-4376-A066-2A32D752A2FF}</UniqueIdentifier>
      <Extensions>cpp;c;cc;cxx;def;odl;idl;hpj;bat;asm;asmx</Extensions>
    </Filter>
    <Filter Include="Header Files">
      <UniqueIdentifier>{93995380-89BD-4b04-88EB-625FBE52EBFB}</UniqueIdentifier>
      <Extensions>h;hh;hpp;hxx;hm;inl;inc;ipp;xsd</Extensions>
    </Filter>
    <Filter Include="Resource Files">
      <UniqueIdentifier>{67DA6AB6-F800-4c08-8B7A-83BB121AAD01}</UniqueIdentifier>
      <Extensions>rc;ico;cur;bmp;dlg;rc2;rct;bin;rgs;gif;jpg;jpeg;jpe;resx;tiff;tif;png;wav;mfcribbon-ms</Extensions>
    </Filter>
    <Filter Include="Header Files\Container">
      <UniqueIdentifier>{ab97bab5-00d3-40a6-900a-b8dc06960b74}</UniqueIdentifier>
    </Filter>
    <Filter Include="Source Files\Container">
      <UniqueIdentifier>{735f3e21-d0d3-4b0f-889c-a0a12c152fad}</UniqueIdentifier>
    </Filter>
    <Filter Include="Header Files\MemoryManagement">
      <UniqueIdentifier>{b29a7669-74ac-456c-9d1c-90264c0f7e7b}</UniqueIdentifier>
    </Filter>
    <Filter Include="Source Files\MemoryManagement">
      <UniqueIdentifier>{12f478e1-6001-407c-883d-45c990766dbe}</UniqueIdentifier>
    </Filter>
    <Filter Include="Header Files\Object">
      <UniqueIdentifier>{c006d9c7-c96f-4bbc-9075-17b51b400e57}</UniqueIdentifier>
    </Filter>
    <Filter Include="Source Files\Object">
      <UniqueIdentifier>{1ac3b5f9-1d63-462e-b4de-8e249f0f31f7}</UniqueIdentifier>
    </Filter>
    <Filter Include="Header Files\Interface">
      <UniqueIdentifier>{12310f3d-513a-4db3-815e-c7ca5257665f}</UniqueIdentifier>
    </Filter>
    <Filter Include="Source Files\Interface">
      <UniqueIdentifier>{68f96806-69ad-4706-9504-5a35cf16e235}</UniqueIdentifier>
    </Filter>
    <Filter Include="Header Files\Utility">
      <UniqueIdentifier>{036f630b-9a1b-4c0f-ad01-74f319334500}</UniqueIdentifier>
    </Filter>
    <Filter Include="Source Files\Utility">
      <UniqueIdentifier>{53609390-675a-4d27-a84f-00dfa287e2b4}</UniqueIdentifier>
    </Filter>
    <Filter Include="Header Files\Mathematics">
      <UniqueIdentifier>{f5c91e4b-1706-4c0a-a957-32d2b0fb624d}</UniqueIdentifier>
    </Filter>
    <Filter Include="Source Files\Mathematics">
      <UniqueIdentifier>{2eb21401-a8d9-4df9-8f5a-f545ac204c9e}</UniqueIdentifier>
    </Filter>
    <Filter Include="Source Files\Timer">
      <UniqueIdentifier>{b16b5b39-6c99-40dd-8ed9-9428f6910714}</UniqueIdentifier>
    </Filter>
    <Filter Include="Header Files\Timer">
      <UniqueIdentifier>{0551cc2b-4b87-42ce-8549-3c9d0df4774a}</UniqueIdentifier>
    </Filter>
    <Filter Include="Header Files\Physics">
      <UniqueIdentifier>{98488b1c-e048-4476-b3fd-a00bd1f1bbbc}</UniqueIdentifier>
    </Filter>
    <Filter Include="Source Files\Physics">
      <UniqueIdentifier>{5fff3f77-6a33-44a9-b047-5d58a3c3ef09}</UniqueIdentifier>
    </Filter>
    <Filter Include="Header Files\Render">
      <UniqueIdentifier>{eed19b28-7731-4679-acd3-e8b1578708c2}</UniqueIdentifier>
    </Filter>
    <Filter Include="Source Files\Render">
      <UniqueIdentifier>{cf5259f5-062f-4ab7-ad93-913bfe6f2405}</UniqueIdentifier>
    </Filter>
    <Filter Include="Header Files\Controller">
      <UniqueIdentifier>{32bd27d5-567c-4dde-9635-17217c7901ea}</UniqueIdentifier>
    </Filter>
    <Filter Include="Source Files\Controller">
      <UniqueIdentifier>{b039f0c5-c312-4074-92ed-6918c2676df0}</UniqueIdentifier>
    </Filter>
    <Filter Include="Header Files\DataSharing">
      <UniqueIdentifier>{3a635469-f35f-4681-9941-6a08d7303d68}</UniqueIdentifier>
    </Filter>
    <Filter Include="Source Files\DataSharing">
      <UniqueIdentifier>{2f30213c-0dbc-4c3a-8785-28109fbb8143}</UniqueIdentifier>
    </Filter>
    <Filter Include="Source Files\String">
      <UniqueIdentifier>{224b48fb-f763-4b27-b749-b83fcdf9b8c6}</UniqueIdentifier>
    </Filter>
    <Filter Include="Header Files\String">
      <UniqueIdentifier>{1d96fb1f-9551-4121-a636-9c3968272d10}</UniqueIdentifier>
    </Filter>
    <Filter Include="Header Files\ConsoleDebug">
      <UniqueIdentifier>{a353e3e0-758f-4b2f-bc2b-cf4bef896474}</UniqueIdentifier>
    </Filter>
    <Filter Include="Source Files\ConsoleDebug">
      <UniqueIdentifier>{9c22c840-5e2e-4b6d-9e66-160cf9205dec}</UniqueIdentifier>
    </Filter>
  </ItemGroup>
  <ItemGroup>
    <ClInclude Include="stdafx.h">
      <Filter>Header Files</Filter>
    </ClInclude>
    <ClInclude Include="targetver.h">
      <Filter>Header Files</Filter>
    </ClInclude>
    <ClInclude Include="Engine-init.h">
      <Filter>Header Files</Filter>
    </ClInclude>
    <ClInclude Include="TList.h">
      <Filter>Header Files\Container</Filter>
    </ClInclude>
    <ClInclude Include="TString.h">
      <Filter>Header Files\String</Filter>
    </ClInclude>
    <ClInclude Include="ConsolePrint.h">
      <Filter>Header Files\ConsoleDebug</Filter>
    </ClInclude>
    <ClInclude Include="HeapManager.h">
      <Filter>Header Files\MemoryManagement</Filter>
    </ClInclude>
    <ClInclude Include="GameObject.h">
      <Filter>Header Files\Object</Filter>
    </ClInclude>
    <ClInclude Include="IController.h">
      <Filter>Header Files\Interface</Filter>
    </ClInclude>
    <ClInclude Include="Point2D.h">
      <Filter>Header Files\Mathematics</Filter>
    </ClInclude>
    <ClInclude Include="GLibUtility.h">
      <Filter>Header Files\Utility</Filter>
    </ClInclude>
    <ClInclude Include="Timer.h">
      <Filter>Header Files\Timer</Filter>
    </ClInclude>
    <ClInclude Include="RenderInfo.h">
      <Filter>Header Files\Render</Filter>
    </ClInclude>
    <ClInclude Include="PhysicsInfo.h">
      <Filter>Header Files\Physics</Filter>
    </ClInclude>
    <ClInclude Include="RenderManager.h">
      <Filter>Header Files\Render</Filter>
    </ClInclude>
    <ClInclude Include="PhysicsManager.h">
      <Filter>Header Files\Physics</Filter>
    </ClInclude>
    <ClInclude Include="SubSystems.h">
      <Filter>Header Files</Filter>
    </ClInclude>
    <ClInclude Include="ControllerManager.h">
      <Filter>Header Files\Controller</Filter>
    </ClInclude>
    <ClInclude Include="ReferenceCounter.h">
      <Filter>Header Files\DataSharing</Filter>
    </ClInclude>
    <ClInclude Include="SmartPtr.h">
      <Filter>Header Files\DataSharing</Filter>
    </ClInclude>
    <ClInclude Include="WeakPtr.h">
      <Filter>Header Files\DataSharing</Filter>
    </ClInclude>
    <ClInclude Include="LuaParser.h">
      <Filter>Header Files\Utility</Filter>
    </ClInclude>
    <ClInclude Include="CommonUtility.h">
      <Filter>Header Files\Utility</Filter>
    </ClInclude>
    <ClInclude Include="Vector3.h">
      <Filter>Header Files\Mathematics</Filter>
    </ClInclude>
    <ClInclude Include="Vector4.h">
      <Filter>Header Files\Mathematics</Filter>
    </ClInclude>
    <ClInclude Include="Matrix4x4.h">
      <Filter>Header Files\Mathematics</Filter>
    </ClInclude>
    <ClInclude Include="FixedAllocators.h">
      <Filter>Header Files\MemoryManagement</Filter>
    </ClInclude>
    <ClInclude Include="FixedSizeAllocator.h">
      <Filter>Header Files\MemoryManagement</Filter>
    </ClInclude>
    <ClInclude Include="MemorySystem.h">
      <Filter>Header Files\MemoryManagement</Filter>
    </ClInclude>
    <ClInclude Include="BitArray.h">
      <Filter>Header Files\Utility</Filter>
    </ClInclude>
    <ClInclude Include="AABB.h">
      <Filter>Header Files\Physics</Filter>
    </ClInclude>
    <ClInclude Include="Matrix3x3.h">
      <Filter>Header Files\Mathematics</Filter>
    </ClInclude>
  </ItemGroup>
  <ItemGroup>
    <ClCompile Include="stdafx.cpp">
      <Filter>Source Files</Filter>
    </ClCompile>
    <ClCompile Include="Engine-init.cpp">
      <Filter>Source Files</Filter>
    </ClCompile>
    <ClCompile Include="TString.cpp">
      <Filter>Source Files\String</Filter>
    </ClCompile>
    <ClCompile Include="ConsolePrint.cpp">
      <Filter>Source Files\ConsoleDebug</Filter>
    </ClCompile>
    <ClCompile Include="HeapManager.cpp">
      <Filter>Source Files\MemoryManagement</Filter>
    </ClCompile>
    <ClCompile Include="GameObject.cpp">
      <Filter>Source Files\Object</Filter>
    </ClCompile>
    <ClCompile Include="GLibUtility.cpp">
      <Filter>Source Files\Utility</Filter>
    </ClCompile>
    <ClCompile Include="Timer.cpp">
      <Filter>Source Files\Timer</Filter>
    </ClCompile>
    <ClCompile Include="RenderInfo.cpp">
      <Filter>Source Files\Render</Filter>
    </ClCompile>
    <ClCompile Include="PhysicsInfo.cpp">
      <Filter>Source Files\Physics</Filter>
    </ClCompile>
    <ClCompile Include="RenderManager.cpp">
      <Filter>Source Files\Render</Filter>
    </ClCompile>
    <ClCompile Include="PhysicsManager.cpp">
      <Filter>Source Files\Physics</Filter>
    </ClCompile>
    <ClCompile Include="ControllerManager.cpp">
      <Filter>Source Files\Controller</Filter>
    </ClCompile>
    <ClCompile Include="ReferenceCounter.cpp">
      <Filter>Source Files\DataSharing</Filter>
    </ClCompile>
    <ClCompile Include="LuaParser.cpp">
      <Filter>Source Files\Utility</Filter>
    </ClCompile>
    <ClCompile Include="CommonUtility.cpp">
      <Filter>Source Files\Utility</Filter>
    </ClCompile>
    <ClCompile Include="Vector3.cpp">
      <Filter>Source Files\Mathematics</Filter>
    </ClCompile>
    <ClCompile Include="Vector4.cpp">
      <Filter>Source Files\Mathematics</Filter>
    </ClCompile>
    <ClCompile Include="Matrix4x4.cpp">
      <Filter>Source Files\Mathematics</Filter>
    </ClCompile>
    <ClCompile Include="FIxedAllocators.cpp">
      <Filter>Source Files\MemoryManagement</Filter>
    </ClCompile>
    <ClCompile Include="FixedSizeAllocator.cpp">
      <Filter>Source Files\MemoryManagement</Filter>
    </ClCompile>
    <ClCompile Include="MemorySystem.cpp">
      <Filter>Source Files\MemoryManagement</Filter>
    </ClCompile>
    <ClCompile Include="BitArray.cpp">
      <Filter>Source Files\Utility</Filter>
    </ClCompile>
    <ClCompile Include="AABB.cpp">
      <Filter>Source Files\Physics</Filter>
    </ClCompile>
    <ClCompile Include="Matrix3x3.cpp">
      <Filter>Source Files\Mathematics</Filter>
    </ClCompile>
  </ItemGroup>
</Project>